
Microsoft Visual Studio Solution File, Format Version 12.00
# Visual Studio Version 16
VisualStudioVersion = 16.0.29326.143
MinimumVisualStudioVersion = 10.0.40219.1
Project("{FAE04EC0-301F-11D3-BF4B-00C04F79EFBC}") = "EmployeeManagementModels", "EmployeeManagementModels\EmployeeManagementModels.csproj", "{E8F61706-2514-43BF-A38F-1CC5C6EAADE3}"
EndProject
Project("{FAE04EC0-301F-11D3-BF4B-00C04F79EFBC}") = "EmployeeManagement.Web", "EmployeeManagement.Web\EmployeeManagement.Web.csproj", "{F6DB8F4C-AC32-4BEB-AF76-79D13B5EFBAB}"
EndProject
Global
	GlobalSection(SolutionConfigurationPlatforms) = preSolution
		Debug|Any CPU = Debug|Any CPU
		Release|Any CPU = Release|Any CPU
	EndGlobalSection
	GlobalSection(ProjectConfigurationPlatforms) = postSolution
		{E8F61706-2514-43BF-A38F-1CC5C6EAADE3}.Debug|Any CPU.ActiveCfg = Debug|Any CPU
		{E8F61706-2514-43BF-A38F-1CC5C6EAADE3}.Debug|Any CPU.Build.0 = Debug|Any CPU
		{E8F61706-2514-43BF-A38F-1CC5C6EAADE3}.Release|Any CPU.ActiveCfg = Release|Any CPU
		{E8F61706-2514-43BF-A38F-1CC5C6EAADE3}.Release|Any CPU.Build.0 = Release|Any CPU
		{F6DB8F4C-AC32-4BEB-AF76-79D13B5EFBAB}.Debug|Any CPU.ActiveCfg = Debug|Any CPU
		{F6DB8F4C-AC32-4BEB-AF76-79D13B5EFBAB}.Debug|Any CPU.Build.0 = Debug|Any CPU
		{F6DB8F4C-AC32-4BEB-AF76-79D13B5EFBAB}.Release|Any CPU.ActiveCfg = Release|Any CPU
		{F6DB8F4C-AC32-4BEB-AF76-79D13B5EFBAB}.Release|Any CPU.Build.0 = Release|Any CPU
	EndGlobalSection
	GlobalSection(SolutionProperties) = preSolution
		HideSolutionNode = FALSE
	EndGlobalSection
	GlobalSection(ExtensibilityGlobals) = postSolution
		SolutionGuid = {80DF2CA8-677E-47A8-BB16-100573E52444}
	EndGlobalSection
EndGlobal
