
Microsoft Visual Studio Solution File, Format Version 12.00
# Visual Studio Version 16
VisualStudioVersion = 16.0.29326.143
MinimumVisualStudioVersion = 10.0.40219.1
Project("{FAE04EC0-301F-11D3-BF4B-00C04F79EFBC}") = "BlazorServer", "BlazorServer\BlazorServer.csproj", "{77C60683-B0DE-48DE-AA6D-9E94E0C3632A}"
EndProject
Project("{FAE04EC0-301F-11D3-BF4B-00C04F79EFBC}") = "BlazorWebAssembly", "BlazorWebAssembly\BlazorWebAssembly.csproj", "{CA641413-CB9E-4017-8609-B135F7069BA0}"
EndProject
Global
	GlobalSection(SolutionConfigurationPlatforms) = preSolution
		Debug|Any CPU = Debug|Any CPU
		Release|Any CPU = Release|Any CPU
	EndGlobalSection
	GlobalSection(ProjectConfigurationPlatforms) = postSolution
		{77C60683-B0DE-48DE-AA6D-9E94E0C3632A}.Debug|Any CPU.ActiveCfg = Debug|Any CPU
		{77C60683-B0DE-48DE-AA6D-9E94E0C3632A}.Debug|Any CPU.Build.0 = Debug|Any CPU
		{77C60683-B0DE-48DE-AA6D-9E94E0C3632A}.Release|Any CPU.ActiveCfg = Release|Any CPU
		{77C60683-B0DE-48DE-AA6D-9E94E0C3632A}.Release|Any CPU.Build.0 = Release|Any CPU
		{CA641413-CB9E-4017-8609-B135F7069BA0}.Debug|Any CPU.ActiveCfg = Debug|Any CPU
		{CA641413-CB9E-4017-8609-B135F7069BA0}.Debug|Any CPU.Build.0 = Debug|Any CPU
		{CA641413-CB9E-4017-8609-B135F7069BA0}.Release|Any CPU.ActiveCfg = Release|Any CPU
		{CA641413-CB9E-4017-8609-B135F7069BA0}.Release|Any CPU.Build.0 = Release|Any CPU
	EndGlobalSection
	GlobalSection(SolutionProperties) = preSolution
		HideSolutionNode = FALSE
	EndGlobalSection
	GlobalSection(ExtensibilityGlobals) = postSolution
		SolutionGuid = {FCE9BCCB-273D-4962-8FA4-C9C7F8E728C9}
	EndGlobalSection
EndGlobal
